
Microsoft Visual Studio Solution File, Format Version 12.00
# Visual Studio Version 17
VisualStudioVersion = 17.9.34622.214
MinimumVisualStudioVersion = 10.0.40219.1
Project("{9A19103F-16F7-4668-BE54-9A1E7A4F7556}") = "BHEP.Application", "Src\BHEP.Application\BHEP.Application.csproj", "{E4319D8D-75AE-471B-9040-C4636260A627}"
EndProject
Project("{9A19103F-16F7-4668-BE54-9A1E7A4F7556}") = "BHEP.Contract", "Src\BHEP.Contract\BHEP.Contract.csproj", "{0B6DE398-FA87-4B8B-B1EA-7DDEEA32A8CA}"
EndProject
Project("{9A19103F-16F7-4668-BE54-9A1E7A4F7556}") = "BHEP.Domain", "Src\BHEP.Domain\BHEP.Domain.csproj", "{86CF95BC-EC43-416F-959E-3BCA20CCB295}"
EndProject
Project("{9A19103F-16F7-4668-BE54-9A1E7A4F7556}") = "BHEP.Infrastructure", "Src\BHEP.Infrastructure\BHEP.Infrastructure.csproj", "{A04F702D-6061-469F-B732-DF9FD8E9747E}"
EndProject
Project("{9A19103F-16F7-4668-BE54-9A1E7A4F7556}") = "BHEP.Persistence", "Src\BHEP.Persistence\BHEP.Persistence.csproj", "{837F9719-6A3A-479B-9AF7-D6F8F168D0DB}"
EndProject
Project("{9A19103F-16F7-4668-BE54-9A1E7A4F7556}") = "BHEP.Presentation", "Src\BHEP.Presentation\BHEP.Presentation.csproj", "{DB26CBAC-2408-47E1-8078-CF267F8E23D5}"
EndProject
Project("{9A19103F-16F7-4668-BE54-9A1E7A4F7556}") = "BHEP.API", "Src\BHEP.API\BHEP.API.csproj", "{44F67DD7-18DA-4074-BDE6-D7AB521AEBD6}"
EndProject
Project("{2150E333-8FDC-42A3-9474-1A3956D46DE8}") = "Src", "Src", "{E1BB7377-C2A5-443C-B6F9-A71D54E60310}"
EndProject
Project("{2150E333-8FDC-42A3-9474-1A3956D46DE8}") = "Test", "Test", "{19F2B4A4-E544-4B31-8A1D-0F8B2B4F1241}"
EndProject
Project("{9A19103F-16F7-4668-BE54-9A1E7A4F7556}") = "BHEP.Architechture.Tests", "Test\BHEP.Architechture.Tests\BHEP.Architechture.Tests.csproj", "{8DB43B97-E517-4E26-9BE3-B0718ED6D881}"
EndProject
Project("{9A19103F-16F7-4668-BE54-9A1E7A4F7556}") = "BHEP.Infrastructure.BlogStorage", "Src\BHEP.Infrastructure.BlogStorage\BHEP.Infrastructure.BlogStorage.csproj", "{D0DCB46F-E3A6-49EC-8426-C5B023FDB25C}"
EndProject
Project("{9A19103F-16F7-4668-BE54-9A1E7A4F7556}") = "BHEP.Infrastructure.Dapper", "Src\BHEP.Infrastructure.Dapper\BHEP.Infrastructure.Dapper.csproj", "{DFB66938-4562-4925-B488-C85FB7DA72D1}"
EndProject
Project("{9A19103F-16F7-4668-BE54-9A1E7A4F7556}") = "BHEP.Infrastructure.VnPay", "Src\BHEP.Infrastructure.Payment\BHEP.Infrastructure.VnPay.csproj", "{5283F406-2A57-4D04-8B65-E5BC06AE1554}"
EndProject
Project("{9A19103F-16F7-4668-BE54-9A1E7A4F7556}") = "BHEP.Infrastructure.PayOS", "Src\BHEP.Infrastructure.PayOS\BHEP.Infrastructure.PayOS.csproj", "{CF2D17CF-D0D4-4A62-8E32-61667666A0B7}"
EndProject
Project("{9A19103F-16F7-4668-BE54-9A1E7A4F7556}") = "BHEP.Infrastructure.Redis", "Src\BHEP.Infrastructure.Redis\BHEP.Infrastructure.Redis.csproj", "{EE5FCD3B-C4F9-42D2-8690-3E2A6AF44C99}"
EndProject
Project("{2150E333-8FDC-42A3-9474-1A3956D46DE8}") = "SolutionItems", "SolutionItems", "{745C4E85-3B29-4A2D-BAB4-7A2B1D5DA788}"
	ProjectSection(SolutionItems) = preProject
		docker-compose.Dev.Infrastructure.yaml = docker-compose.Dev.Infrastructure.yaml
	EndProjectSection
EndProject
Project("{9A19103F-16F7-4668-BE54-9A1E7A4F7556}") = "BHEP.Infrastructure.RabbitMQ", "Src\BHEP.Infrastructure.RabbitMQ\BHEP.Infrastructure.RabbitMQ.csproj", "{DEEC39D6-717E-4DC2-A93C-29DADD25495F}"
EndProject
Project("{FAE04EC0-301F-11D3-BF4B-00C04F79EFBC}") = "BHEP.Infrastructure.ServiceBus", "Src\AzureServiceBus\BHEP.Infrastructure.ServiceBus.csproj", "{C6C8AD19-064C-4A7E-A45C-DE942FD0661C}"
EndProject
Global
	GlobalSection(SolutionConfigurationPlatforms) = preSolution
		Debug|Any CPU = Debug|Any CPU
		Release|Any CPU = Release|Any CPU
	EndGlobalSection
	GlobalSection(ProjectConfigurationPlatforms) = postSolution
		{E4319D8D-75AE-471B-9040-C4636260A627}.Debug|Any CPU.ActiveCfg = Debug|Any CPU
		{E4319D8D-75AE-471B-9040-C4636260A627}.Debug|Any CPU.Build.0 = Debug|Any CPU
		{E4319D8D-75AE-471B-9040-C4636260A627}.Release|Any CPU.ActiveCfg = Release|Any CPU
		{E4319D8D-75AE-471B-9040-C4636260A627}.Release|Any CPU.Build.0 = Release|Any CPU
		{0B6DE398-FA87-4B8B-B1EA-7DDEEA32A8CA}.Debug|Any CPU.ActiveCfg = Debug|Any CPU
		{0B6DE398-FA87-4B8B-B1EA-7DDEEA32A8CA}.Debug|Any CPU.Build.0 = Debug|Any CPU
		{0B6DE398-FA87-4B8B-B1EA-7DDEEA32A8CA}.Release|Any CPU.ActiveCfg = Release|Any CPU
		{0B6DE398-FA87-4B8B-B1EA-7DDEEA32A8CA}.Release|Any CPU.Build.0 = Release|Any CPU
		{86CF95BC-EC43-416F-959E-3BCA20CCB295}.Debug|Any CPU.ActiveCfg = Debug|Any CPU
		{86CF95BC-EC43-416F-959E-3BCA20CCB295}.Debug|Any CPU.Build.0 = Debug|Any CPU
		{86CF95BC-EC43-416F-959E-3BCA20CCB295}.Release|Any CPU.ActiveCfg = Release|Any CPU
		{86CF95BC-EC43-416F-959E-3BCA20CCB295}.Release|Any CPU.Build.0 = Release|Any CPU
		{A04F702D-6061-469F-B732-DF9FD8E9747E}.Debug|Any CPU.ActiveCfg = Debug|Any CPU
		{A04F702D-6061-469F-B732-DF9FD8E9747E}.Debug|Any CPU.Build.0 = Debug|Any CPU
		{A04F702D-6061-469F-B732-DF9FD8E9747E}.Release|Any CPU.ActiveCfg = Release|Any CPU
		{A04F702D-6061-469F-B732-DF9FD8E9747E}.Release|Any CPU.Build.0 = Release|Any CPU
		{837F9719-6A3A-479B-9AF7-D6F8F168D0DB}.Debug|Any CPU.ActiveCfg = Debug|Any CPU
		{837F9719-6A3A-479B-9AF7-D6F8F168D0DB}.Debug|Any CPU.Build.0 = Debug|Any CPU
		{837F9719-6A3A-479B-9AF7-D6F8F168D0DB}.Release|Any CPU.ActiveCfg = Release|Any CPU
		{837F9719-6A3A-479B-9AF7-D6F8F168D0DB}.Release|Any CPU.Build.0 = Release|Any CPU
		{DB26CBAC-2408-47E1-8078-CF267F8E23D5}.Debug|Any CPU.ActiveCfg = Debug|Any CPU
		{DB26CBAC-2408-47E1-8078-CF267F8E23D5}.Debug|Any CPU.Build.0 = Debug|Any CPU
		{DB26CBAC-2408-47E1-8078-CF267F8E23D5}.Release|Any CPU.ActiveCfg = Release|Any CPU
		{DB26CBAC-2408-47E1-8078-CF267F8E23D5}.Release|Any CPU.Build.0 = Release|Any CPU
		{44F67DD7-18DA-4074-BDE6-D7AB521AEBD6}.Debug|Any CPU.ActiveCfg = Debug|Any CPU
		{44F67DD7-18DA-4074-BDE6-D7AB521AEBD6}.Debug|Any CPU.Build.0 = Debug|Any CPU
		{44F67DD7-18DA-4074-BDE6-D7AB521AEBD6}.Release|Any CPU.ActiveCfg = Release|Any CPU
		{44F67DD7-18DA-4074-BDE6-D7AB521AEBD6}.Release|Any CPU.Build.0 = Release|Any CPU
		{8DB43B97-E517-4E26-9BE3-B0718ED6D881}.Debug|Any CPU.ActiveCfg = Debug|Any CPU
		{8DB43B97-E517-4E26-9BE3-B0718ED6D881}.Debug|Any CPU.Build.0 = Debug|Any CPU
		{8DB43B97-E517-4E26-9BE3-B0718ED6D881}.Release|Any CPU.ActiveCfg = Release|Any CPU
		{8DB43B97-E517-4E26-9BE3-B0718ED6D881}.Release|Any CPU.Build.0 = Release|Any CPU
		{D0DCB46F-E3A6-49EC-8426-C5B023FDB25C}.Debug|Any CPU.ActiveCfg = Debug|Any CPU
		{D0DCB46F-E3A6-49EC-8426-C5B023FDB25C}.Debug|Any CPU.Build.0 = Debug|Any CPU
		{D0DCB46F-E3A6-49EC-8426-C5B023FDB25C}.Release|Any CPU.ActiveCfg = Release|Any CPU
		{D0DCB46F-E3A6-49EC-8426-C5B023FDB25C}.Release|Any CPU.Build.0 = Release|Any CPU
		{DFB66938-4562-4925-B488-C85FB7DA72D1}.Debug|Any CPU.ActiveCfg = Debug|Any CPU
		{DFB66938-4562-4925-B488-C85FB7DA72D1}.Debug|Any CPU.Build.0 = Debug|Any CPU
		{DFB66938-4562-4925-B488-C85FB7DA72D1}.Release|Any CPU.ActiveCfg = Release|Any CPU
		{DFB66938-4562-4925-B488-C85FB7DA72D1}.Release|Any CPU.Build.0 = Release|Any CPU
		{5283F406-2A57-4D04-8B65-E5BC06AE1554}.Debug|Any CPU.ActiveCfg = Debug|Any CPU
		{5283F406-2A57-4D04-8B65-E5BC06AE1554}.Debug|Any CPU.Build.0 = Debug|Any CPU
		{5283F406-2A57-4D04-8B65-E5BC06AE1554}.Release|Any CPU.ActiveCfg = Release|Any CPU
		{5283F406-2A57-4D04-8B65-E5BC06AE1554}.Release|Any CPU.Build.0 = Release|Any CPU
		{CF2D17CF-D0D4-4A62-8E32-61667666A0B7}.Debug|Any CPU.ActiveCfg = Debug|Any CPU
		{CF2D17CF-D0D4-4A62-8E32-61667666A0B7}.Debug|Any CPU.Build.0 = Debug|Any CPU
		{CF2D17CF-D0D4-4A62-8E32-61667666A0B7}.Release|Any CPU.ActiveCfg = Release|Any CPU
		{CF2D17CF-D0D4-4A62-8E32-61667666A0B7}.Release|Any CPU.Build.0 = Release|Any CPU
		{EE5FCD3B-C4F9-42D2-8690-3E2A6AF44C99}.Debug|Any CPU.ActiveCfg = Debug|Any CPU
		{EE5FCD3B-C4F9-42D2-8690-3E2A6AF44C99}.Debug|Any CPU.Build.0 = Debug|Any CPU
		{EE5FCD3B-C4F9-42D2-8690-3E2A6AF44C99}.Release|Any CPU.ActiveCfg = Release|Any CPU
		{EE5FCD3B-C4F9-42D2-8690-3E2A6AF44C99}.Release|Any CPU.Build.0 = Release|Any CPU
		{DEEC39D6-717E-4DC2-A93C-29DADD25495F}.Debug|Any CPU.ActiveCfg = Debug|Any CPU
		{DEEC39D6-717E-4DC2-A93C-29DADD25495F}.Debug|Any CPU.Build.0 = Debug|Any CPU
		{DEEC39D6-717E-4DC2-A93C-29DADD25495F}.Release|Any CPU.ActiveCfg = Release|Any CPU
		{DEEC39D6-717E-4DC2-A93C-29DADD25495F}.Release|Any CPU.Build.0 = Release|Any CPU
		{C6C8AD19-064C-4A7E-A45C-DE942FD0661C}.Debug|Any CPU.ActiveCfg = Debug|Any CPU
		{C6C8AD19-064C-4A7E-A45C-DE942FD0661C}.Debug|Any CPU.Build.0 = Debug|Any CPU
		{C6C8AD19-064C-4A7E-A45C-DE942FD0661C}.Release|Any CPU.ActiveCfg = Release|Any CPU
		{C6C8AD19-064C-4A7E-A45C-DE942FD0661C}.Release|Any CPU.Build.0 = Release|Any CPU
	EndGlobalSection
	GlobalSection(SolutionProperties) = preSolution
		HideSolutionNode = FALSE
	EndGlobalSection
	GlobalSection(NestedProjects) = preSolution
		{E4319D8D-75AE-471B-9040-C4636260A627} = {E1BB7377-C2A5-443C-B6F9-A71D54E60310}
		{0B6DE398-FA87-4B8B-B1EA-7DDEEA32A8CA} = {E1BB7377-C2A5-443C-B6F9-A71D54E60310}
		{86CF95BC-EC43-416F-959E-3BCA20CCB295} = {E1BB7377-C2A5-443C-B6F9-A71D54E60310}
		{A04F702D-6061-469F-B732-DF9FD8E9747E} = {E1BB7377-C2A5-443C-B6F9-A71D54E60310}
		{837F9719-6A3A-479B-9AF7-D6F8F168D0DB} = {E1BB7377-C2A5-443C-B6F9-A71D54E60310}
		{DB26CBAC-2408-47E1-8078-CF267F8E23D5} = {E1BB7377-C2A5-443C-B6F9-A71D54E60310}
		{44F67DD7-18DA-4074-BDE6-D7AB521AEBD6} = {E1BB7377-C2A5-443C-B6F9-A71D54E60310}
		{8DB43B97-E517-4E26-9BE3-B0718ED6D881} = {19F2B4A4-E544-4B31-8A1D-0F8B2B4F1241}
		{D0DCB46F-E3A6-49EC-8426-C5B023FDB25C} = {E1BB7377-C2A5-443C-B6F9-A71D54E60310}
		{DFB66938-4562-4925-B488-C85FB7DA72D1} = {E1BB7377-C2A5-443C-B6F9-A71D54E60310}
		{5283F406-2A57-4D04-8B65-E5BC06AE1554} = {E1BB7377-C2A5-443C-B6F9-A71D54E60310}
		{CF2D17CF-D0D4-4A62-8E32-61667666A0B7} = {E1BB7377-C2A5-443C-B6F9-A71D54E60310}
		{EE5FCD3B-C4F9-42D2-8690-3E2A6AF44C99} = {E1BB7377-C2A5-443C-B6F9-A71D54E60310}
		{DEEC39D6-717E-4DC2-A93C-29DADD25495F} = {E1BB7377-C2A5-443C-B6F9-A71D54E60310}
		{C6C8AD19-064C-4A7E-A45C-DE942FD0661C} = {E1BB7377-C2A5-443C-B6F9-A71D54E60310}
	EndGlobalSection
	GlobalSection(ExtensibilityGlobals) = postSolution
		SolutionGuid = {8A8508C7-9810-4558-A29E-4BC589E1507B}
	EndGlobalSection
EndGlobal
